
Microsoft Visual Studio Solution File, Format Version 12.00
# Visual Studio Version 17
VisualStudioVersion = 17.5.002.0
MinimumVisualStudioVersion = 10.0.40219.1
Project("{9A19103F-16F7-4668-BE54-9A1E7A4F7556}") = "ServerBlazorHosts.Server", "ServerBlazorHosts\Server\ServerBlazorHosts.Server.csproj", "{131783BC-8D91-4143-BD3F-A6D912414101}"
EndProject
Project("{FAE04EC0-301F-11D3-BF4B-00C04F79EFBC}") = "BlazorApp1", "BlazorApp1\BlazorApp1.csproj", "{F110A8FB-E17D-4302-BF20-8BAC32D9ACAD}"
EndProject
Global
	GlobalSection(SolutionConfigurationPlatforms) = preSolution
		Debug|Any CPU = Debug|Any CPU
		Release|Any CPU = Release|Any CPU
	EndGlobalSection
	GlobalSection(ProjectConfigurationPlatforms) = postSolution
		{131783BC-8D91-4143-BD3F-A6D912414101}.Debug|Any CPU.ActiveCfg = Debug|Any CPU
		{131783BC-8D91-4143-BD3F-A6D912414101}.Debug|Any CPU.Build.0 = Debug|Any CPU
		{131783BC-8D91-4143-BD3F-A6D912414101}.Release|Any CPU.ActiveCfg = Release|Any CPU
		{131783BC-8D91-4143-BD3F-A6D912414101}.Release|Any CPU.Build.0 = Release|Any CPU
		{F110A8FB-E17D-4302-BF20-8BAC32D9ACAD}.Debug|Any CPU.ActiveCfg = Debug|Any CPU
		{F110A8FB-E17D-4302-BF20-8BAC32D9ACAD}.Debug|Any CPU.Build.0 = Debug|Any CPU
		{F110A8FB-E17D-4302-BF20-8BAC32D9ACAD}.Release|Any CPU.ActiveCfg = Release|Any CPU
		{F110A8FB-E17D-4302-BF20-8BAC32D9ACAD}.Release|Any CPU.Build.0 = Release|Any CPU
	EndGlobalSection
	GlobalSection(SolutionProperties) = preSolution
		HideSolutionNode = FALSE
	EndGlobalSection
	GlobalSection(ExtensibilityGlobals) = postSolution
		SolutionGuid = {0C6B0BF4-C541-4FFD-AA1D-EB4839C245DD}
	EndGlobalSection
EndGlobal
